
Microsoft Visual Studio Solution File, Format Version 12.00
# Visual Studio Version 17
VisualStudioVersion = 17.0.31717.71
MinimumVisualStudioVersion = 10.0.40219.1
Project("{FAE04EC0-301F-11D3-BF4B-00C04F79EFBC}") = "SwapiUI", "SwapiUI\SwapiUI.csproj", "{B03D32C3-572C-484A-B00A-DE6BF2A8469E}"
EndProject
Global
	GlobalSection(SolutionConfigurationPlatforms) = preSolution
		Debug|Any CPU = Debug|Any CPU
		Release|Any CPU = Release|Any CPU
	EndGlobalSection
	GlobalSection(ProjectConfigurationPlatforms) = postSolution
		{B03D32C3-572C-484A-B00A-DE6BF2A8469E}.Debug|Any CPU.ActiveCfg = Debug|Any CPU
		{B03D32C3-572C-484A-B00A-DE6BF2A8469E}.Debug|Any CPU.Build.0 = Debug|Any CPU
		{B03D32C3-572C-484A-B00A-DE6BF2A8469E}.Release|Any CPU.ActiveCfg = Release|Any CPU
		{B03D32C3-572C-484A-B00A-DE6BF2A8469E}.Release|Any CPU.Build.0 = Release|Any CPU
	EndGlobalSection
	GlobalSection(SolutionProperties) = preSolution
		HideSolutionNode = FALSE
	EndGlobalSection
	GlobalSection(ExtensibilityGlobals) = postSolution
		SolutionGuid = {77F10CBA-8FBE-45A8-9CFA-D77C073863D5}
	EndGlobalSection
EndGlobal
